
Microsoft Visual Studio Solution File, Format Version 12.00
# Visual Studio Version 16
VisualStudioVersion = 16.0.31911.196
MinimumVisualStudioVersion = 10.0.40219.1
Project("{FAE04EC0-301F-11D3-BF4B-00C04F79EFBC}") = "COMP1003", "COMP1003.csproj", "{6C7C5329-3222-4B48-821F-175487D583C3}"
EndProject
Global
	GlobalSection(SolutionConfigurationPlatforms) = preSolution
		Debug|Any CPU = Debug|Any CPU
		Release|Any CPU = Release|Any CPU
	EndGlobalSection
	GlobalSection(ProjectConfigurationPlatforms) = postSolution
		{6C7C5329-3222-4B48-821F-175487D583C3}.Debug|Any CPU.ActiveCfg = Debug|Any CPU
		{6C7C5329-3222-4B48-821F-175487D583C3}.Debug|Any CPU.Build.0 = Debug|Any CPU
		{6C7C5329-3222-4B48-821F-175487D583C3}.Release|Any CPU.ActiveCfg = Release|Any CPU
		{6C7C5329-3222-4B48-821F-175487D583C3}.Release|Any CPU.Build.0 = Release|Any CPU
	EndGlobalSection
	GlobalSection(SolutionProperties) = preSolution
		HideSolutionNode = FALSE
	EndGlobalSection
	GlobalSection(ExtensibilityGlobals) = postSolution
		SolutionGuid = {75082187-192D-4096-9E38-40C7C3DF36FE}
	EndGlobalSection
EndGlobal
